// !$*UTF8*$!
{
	archiveVersion = 1;
	classes = {
	};
	objectVersion = 50;
	objects = {

/* Begin PBXBuildFile section */
		DB2EE20D243CE223003C0B51 /* AppDelegate.swift in Sources */ = {isa = PBXBuildFile; fileRef = DB2EE20C243CE223003C0B51 /* AppDelegate.swift */; };
		DB2EE20F243CE223003C0B51 /* SceneDelegate.swift in Sources */ = {isa = PBXBuildFile; fileRef = DB2EE20E243CE223003C0B51 /* SceneDelegate.swift */; };
		DB2EE211243CE223003C0B51 /* WeatherViewController.swift in Sources */ = {isa = PBXBuildFile; fileRef = DB2EE210243CE223003C0B51 /* WeatherViewController.swift */; };
		DB2EE214243CE223003C0B51 /* Main.storyboard in Resources */ = {isa = PBXBuildFile; fileRef = DB2EE212243CE223003C0B51 /* Main.storyboard */; };
		DB2EE216243CE228003C0B51 /* Assets.xcassets in Resources */ = {isa = PBXBuildFile; fileRef = DB2EE215243CE228003C0B51 /* Assets.xcassets */; };
		DB2EE219243CE228003C0B51 /* LaunchScreen.storyboard in Resources */ = {isa = PBXBuildFile; fileRef = DB2EE217243CE228003C0B51 /* LaunchScreen.storyboard */; };
		DB2EE228243F2CF9003C0B51 /* WeatherBrain.swift in Sources */ = {isa = PBXBuildFile; fileRef = DB2EE227243F2CF9003C0B51 /* WeatherBrain.swift */; };
		DB2EE22C243F79A2003C0B51 /* WeatherData.swift in Sources */ = {isa = PBXBuildFile; fileRef = DB2EE22B243F79A2003C0B51 /* WeatherData.swift */; };
		DB5CB1062440589A0001B878 /* WeatherModel.swift in Sources */ = {isa = PBXBuildFile; fileRef = DB5CB1052440589A0001B878 /* WeatherModel.swift */; };
/* End PBXBuildFile section */

/* Begin PBXFileReference section */
		DB2EE209243CE223003C0B51 /* ClimaApp.app */ = {isa = PBXFileReference; explicitFileType = wrapper.application; includeInIndex = 0; path = ClimaApp.app; sourceTree = BUILT_PRODUCTS_DIR; };
		DB2EE20C243CE223003C0B51 /* AppDelegate.swift */ = {isa = PBXFileReference; lastKnownFileType = sourcecode.swift; path = AppDelegate.swift; sourceTree = "<group>"; };
		DB2EE20E243CE223003C0B51 /* SceneDelegate.swift */ = {isa = PBXFileReference; lastKnownFileType = sourcecode.swift; path = SceneDelegate.swift; sourceTree = "<group>"; };
		DB2EE210243CE223003C0B51 /* WeatherViewController.swift */ = {isa = PBXFileReference; lastKnownFileType = sourcecode.swift; path = WeatherViewController.swift; sourceTree = "<group>"; };
		DB2EE213243CE223003C0B51 /* Base */ = {isa = PBXFileReference; lastKnownFileType = file.storyboard; name = Base; path = Base.lproj/Main.storyboard; sourceTree = "<group>"; };
		DB2EE215243CE228003C0B51 /* Assets.xcassets */ = {isa = PBXFileReference; lastKnownFileType = folder.assetcatalog; path = Assets.xcassets; sourceTree = "<group>"; };
		DB2EE218243CE228003C0B51 /* Base */ = {isa = PBXFileReference; lastKnownFileType = file.storyboard; name = Base; path = Base.lproj/LaunchScreen.storyboard; sourceTree = "<group>"; };
		DB2EE21A243CE228003C0B51 /* Info.plist */ = {isa = PBXFileReference; lastKnownFileType = text.plist.xml; path = Info.plist; sourceTree = "<group>"; };
		DB2EE227243F2CF9003C0B51 /* WeatherBrain.swift */ = {isa = PBXFileReference; lastKnownFileType = sourcecode.swift; path = WeatherBrain.swift; sourceTree = "<group>"; };
		DB2EE22B243F79A2003C0B51 /* WeatherData.swift */ = {isa = PBXFileReference; lastKnownFileType = sourcecode.swift; path = WeatherData.swift; sourceTree = "<group>"; };
		DB5CB1052440589A0001B878 /* WeatherModel.swift */ = {isa = PBXFileReference; lastKnownFileType = sourcecode.swift; path = WeatherModel.swift; sourceTree = "<group>"; };
/* End PBXFileReference section */

/* Begin PBXFrameworksBuildPhase section */
		DB2EE206243CE223003C0B51 /* Frameworks */ = {
			isa = PBXFrameworksBuildPhase;
			buildActionMask = 2147483647;
			files = (
			);
			runOnlyForDeploymentPostprocessing = 0;
		};
/* End PBXFrameworksBuildPhase section */

/* Begin PBXGroup section */
		DB2EE200243CE223003C0B51 = {
			isa = PBXGroup;
			children = (
				DB2EE20B243CE223003C0B51 /* ClimaApp */,
				DB2EE20A243CE223003C0B51 /* Products */,
			);
			sourceTree = "<group>";
		};
		DB2EE20A243CE223003C0B51 /* Products */ = {
			isa = PBXGroup;
			children = (
				DB2EE209243CE223003C0B51 /* ClimaApp.app */,
			);
			name = Products;
			sourceTree = "<group>";
		};
		DB2EE20B243CE223003C0B51 /* ClimaApp */ = {
			isa = PBXGroup;
			children = (
				DB2EE20C243CE223003C0B51 /* AppDelegate.swift */,
				DB2EE20E243CE223003C0B51 /* SceneDelegate.swift */,
				DB2EE226243F2CDA003C0B51 /* Model */,
				DB2EE224243F2CCA003C0B51 /* View */,
				DB2EE225243F2CD1003C0B51 /* Controller */,
				DB2EE215243CE228003C0B51 /* Assets.xcassets */,
				DB2EE217243CE228003C0B51 /* LaunchScreen.storyboard */,
				DB2EE21A243CE228003C0B51 /* Info.plist */,
			);
			path = ClimaApp;
			sourceTree = "<group>";
		};
		DB2EE224243F2CCA003C0B51 /* View */ = {
			isa = PBXGroup;
			children = (
				DB2EE212243CE223003C0B51 /* Main.storyboard */,
			);
			path = View;
			sourceTree = "<group>";
		};
		DB2EE225243F2CD1003C0B51 /* Controller */ = {
			isa = PBXGroup;
			children = (
				DB2EE210243CE223003C0B51 /* WeatherViewController.swift */,
			);
			path = Controller;
			sourceTree = "<group>";
		};
		DB2EE226243F2CDA003C0B51 /* Model */ = {
			isa = PBXGroup;
			children = (
				DB2EE227243F2CF9003C0B51 /* WeatherBrain.swift */,
				DB2EE22B243F79A2003C0B51 /* WeatherData.swift */,
				DB5CB1052440589A0001B878 /* WeatherModel.swift */,
			);
			path = Model;
			sourceTree = "<group>";
		};
/* End PBXGroup section */

/* Begin PBXNativeTarget section */
		DB2EE208243CE223003C0B51 /* ClimaApp */ = {
			isa = PBXNativeTarget;
			buildConfigurationList = DB2EE21D243CE228003C0B51 /* Build configuration list for PBXNativeTarget "ClimaApp" */;
			buildPhases = (
				DB2EE205243CE223003C0B51 /* Sources */,
				DB2EE206243CE223003C0B51 /* Frameworks */,
				DB2EE207243CE223003C0B51 /* Resources */,
			);
			buildRules = (
			);
			dependencies = (
			);
			name = ClimaApp;
			productName = ClimaApp;
			productReference = DB2EE209243CE223003C0B51 /* ClimaApp.app */;
			productType = "com.apple.product-type.application";
		};
/* End PBXNativeTarget section */

/* Begin PBXProject section */
		DB2EE201243CE223003C0B51 /* Project object */ = {
			isa = PBXProject;
			attributes = {
				LastSwiftUpdateCheck = 1130;
				LastUpgradeCheck = 1130;
				ORGANIZATIONNAME = "Lea Dukaez";
				TargetAttributes = {
					DB2EE208243CE223003C0B51 = {
						CreatedOnToolsVersion = 11.3.1;
					};
				};
			};
			buildConfigurationList = DB2EE204243CE223003C0B51 /* Build configuration list for PBXProject "ClimaApp" */;
			compatibilityVersion = "Xcode 9.3";
			developmentRegion = en;
			hasScannedForEncodings = 0;
			knownRegions = (
				en,
				Base,
			);
			mainGroup = DB2EE200243CE223003C0B51;
			productRefGroup = DB2EE20A243CE223003C0B51 /* Products */;
			projectDirPath = "";
			projectRoot = "";
			targets = (
				DB2EE208243CE223003C0B51 /* ClimaApp */,
			);
		};
/* End PBXProject section */

/* Begin PBXResourcesBuildPhase section */
		DB2EE207243CE223003C0B51 /* Resources */ = {
			isa = PBXResourcesBuildPhase;
			buildActionMask = 2147483647;
			files = (
				DB2EE219243CE228003C0B51 /* LaunchScreen.storyboard in Resources */,
				DB2EE216243CE228003C0B51 /* Assets.xcassets in Resources */,
				DB2EE214243CE223003C0B51 /* Main.storyboard in Resources */,
			);
			runOnlyForDeploymentPostprocessing = 0;
		};
/* End PBXResourcesBuildPhase section */

/* Begin PBXSourcesBuildPhase section */
		DB2EE205243CE223003C0B51 /* Sources */ = {
			isa = PBXSourcesBuildPhase;
			buildActionMask = 2147483647;
			files = (
				DB2EE211243CE223003C0B51 /* WeatherViewController.swift in Sources */,
				DB2EE22C243F79A2003C0B51 /* WeatherData.swift in Sources */,
				DB2EE228243F2CF9003C0B51 /* WeatherBrain.swift in Sources */,
				DB2EE20D243CE223003C0B51 /* AppDelegate.swift in Sources */,
				DB5CB1062440589A0001B878 /* WeatherModel.swift in Sources */,
				DB2EE20F243CE223003C0B51 /* SceneDelegate.swift in Sources */,
			);
			runOnlyForDeploymentPostprocessing = 0;
		};
/* End PBXSourcesBuildPhase section */

/* Begin PBXVariantGroup section */
		DB2EE212243CE223003C0B51 /* Main.storyboard */ = {
			isa = PBXVariantGroup;
			children = (
				DB2EE213243CE223003C0B51 /* Base */,
			);
			name = Main.storyboard;
			sourceTree = "<group>";
		};
		DB2EE217243CE228003C0B51 /* LaunchScreen.storyboard */ = {
			isa = PBXVariantGroup;
			children = (
				DB2EE218243CE228003C0B51 /* Base */,
			);
			name = LaunchScreen.storyboard;
			sourceTree = "<group>";
		};
/* End PBXVariantGroup section */

/* Begin XCBuildConfiguration section */
		DB2EE21B243CE228003C0B51 /* Debug */ = {
			isa = XCBuildConfiguration;
			buildSettings = {
				ALWAYS_SEARCH_USER_PATHS = NO;
				CLANG_ANALYZER_NONNULL = YES;
				CLANG_ANALYZER_NUMBER_OBJECT_CONVERSION = YES_AGGRESSIVE;
				CLANG_CXX_LANGUAGE_STANDARD = "gnu++14";
				CLANG_CXX_LIBRARY = "libc++";
				CLANG_ENABLE_MODULES = YES;
				CLANG_ENABLE_OBJC_ARC = YES;
				CLANG_ENABLE_OBJC_WEAK = YES;
				CLANG_WARN_BLOCK_CAPTURE_AUTORELEASING = YES;
				CLANG_WARN_BOOL_CONVERSION = YES;
				CLANG_WARN_COMMA = YES;
				CLANG_WARN_CONSTANT_CONVERSION = YES;
				CLANG_WARN_DEPRECATED_OBJC_IMPLEMENTATIONS = YES;
				CLANG_WARN_DIRECT_OBJC_ISA_USAGE = YES_ERROR;
				CLANG_WARN_DOCUMENTATION_COMMENTS = YES;
				CLANG_WARN_EMPTY_BODY = YES;
				CLANG_WARN_ENUM_CONVERSION = YES;
				CLANG_WARN_INFINITE_RECURSION = YES;
				CLANG_WARN_INT_CONVERSION = YES;
				CLANG_WARN_NON_LITERAL_NULL_CONVERSION = YES;
				CLANG_WARN_OBJC_IMPLICIT_RETAIN_SELF = YES;
				CLANG_WARN_OBJC_LITERAL_CONVERSION = YES;
				CLANG_WARN_OBJC_ROOT_CLASS = YES_ERROR;
				CLANG_WARN_RANGE_LOOP_ANALYSIS = YES;
				CLANG_WARN_STRICT_PROTOTYPES = YES;
				CLANG_WARN_SUSPICIOUS_MOVE = YES;
				CLANG_WARN_UNGUARDED_AVAILABILITY = YES_AGGRESSIVE;
				CLANG_WARN_UNREACHABLE_CODE = YES;
				CLANG_WARN__DUPLICATE_METHOD_MATCH = YES;
				COPY_PHASE_STRIP = NO;
				DEBUG_INFORMATION_FORMAT = dwarf;
				ENABLE_STRICT_OBJC_MSGSEND = YES;
				ENABLE_TESTABILITY = YES;
				GCC_C_LANGUAGE_STANDARD = gnu11;
				GCC_DYNAMIC_NO_PIC = NO;
				GCC_NO_COMMON_BLOCKS = YES;
				GCC_OPTIMIZATION_LEVEL = 0;
				GCC_PREPROCESSOR_DEFINITIONS = (
					"DEBUG=1",
					"$(inherited)",
				);
				GCC_WARN_64_TO_32_BIT_CONVERSION = YES;
				GCC_WARN_ABOUT_RETURN_TYPE = YES_ERROR;
				GCC_WARN_UNDECLARED_SELECTOR = YES;
				GCC_WARN_UNINITIALIZED_AUTOS = YES_AGGRESSIVE;
				GCC_WARN_UNUSED_FUNCTION = YES;
				GCC_WARN_UNUSED_VARIABLE = YES;
				IPHONEOS_DEPLOYMENT_TARGET = 13.2;
				MTL_ENABLE_DEBUG_INFO = INCLUDE_SOURCE;
				MTL_FAST_MATH = YES;
				ONLY_ACTIVE_ARCH = YES;
				SDKROOT = iphoneos;
				SWIFT_ACTIVE_COMPILATION_CONDITIONS = DEBUG;
				SWIFT_OPTIMIZATION_LEVEL = "-Onone";
			};
			name = Debug;
		};
		DB2EE21C243CE228003C0B51 /* Release */ = {
			isa = XCBuildConfiguration;
			buildSettings = {
				ALWAYS_SEARCH_USER_PATHS = NO;
				CLANG_ANALYZER_NONNULL = YES;
				CLANG_ANALYZER_NUMBER_OBJECT_CONVERSION = YES_AGGRESSIVE;
				CLANG_CXX_LANGUAGE_STANDARD = "gnu++14";
				CLANG_CXX_LIBRARY = "libc++";
				CLANG_ENABLE_MODULES = YES;
				CLANG_ENABLE_OBJC_ARC = YES;
				CLANG_ENABLE_OBJC_WEAK = YES;
				CLANG_WARN_BLOCK_CAPTURE_AUTORELEASING = YES;
				CLANG_WARN_BOOL_CONVERSION = YES;
				CLANG_WARN_COMMA = YES;
				CLANG_WARN_CONSTANT_CONVERSION = YES;
				CLANG_WARN_DEPRECATED_OBJC_IMPLEMENTATIONS = YES;
				CLANG_WARN_DIRECT_OBJC_ISA_USAGE = YES_ERROR;
				CLANG_WARN_DOCUMENTATION_COMMENTS = YES;
				CLANG_WARN_EMPTY_BODY = YES;
				CLANG_WARN_ENUM_CONVERSION = YES;
				CLANG_WARN_INFINITE_RECURSION = YES;
				CLANG_WARN_INT_CONVERSION = YES;
				CLANG_WARN_NON_LITERAL_NULL_CONVERSION = YES;
				CLANG_WARN_OBJC_IMPLICIT_RETAIN_SELF = YES;
				CLANG_WARN_OBJC_LITERAL_CONVERSION = YES;
				CLANG_WARN_OBJC_ROOT_CLASS = YES_ERROR;
				CLANG_WARN_RANGE_LOOP_ANALYSIS = YES;
				CLANG_WARN_STRICT_PROTOTYPES = YES;
				CLANG_WARN_SUSPICIOUS_MOVE = YES;
				CLANG_WARN_UNGUARDED_AVAILABILITY = YES_AGGRESSIVE;
				CLANG_WARN_UNREACHABLE_CODE = YES;
				CLANG_WARN__DUPLICATE_METHOD_MATCH = YES;
				COPY_PHASE_STRIP = NO;
				DEBUG_INFORMATION_FORMAT = "dwarf-with-dsym";
				ENABLE_NS_ASSERTIONS = NO;
				ENABLE_STRICT_OBJC_MSGSEND = YES;
				GCC_C_LANGUAGE_STANDARD = gnu11;
				GCC_NO_COMMON_BLOCKS = YES;
				GCC_WARN_64_TO_32_BIT_CONVERSION = YES;
				GCC_WARN_ABOUT_RETURN_TYPE = YES_ERROR;
				GCC_WARN_UNDECLARED_SELECTOR = YES;
				GCC_WARN_UNINITIALIZED_AUTOS = YES_AGGRESSIVE;
				GCC_WARN_UNUSED_FUNCTION = YES;
				GCC_WARN_UNUSED_VARIABLE = YES;
				IPHONEOS_DEPLOYMENT_TARGET = 13.2;
				MTL_ENABLE_DEBUG_INFO = NO;
				MTL_FAST_MATH = YES;
				SDKROOT = iphoneos;
				SWIFT_COMPILATION_MODE = wholemodule;
				SWIFT_OPTIMIZATION_LEVEL = "-O";
				VALIDATE_PRODUCT = YES;
			};
			name = Release;
		};
		DB2EE21E243CE228003C0B51 /* Debug */ = {
			isa = XCBuildConfiguration;
			buildSettings = {
				ASSETCATALOG_COMPILER_APPICON_NAME = AppIcon;
				CODE_SIGN_STYLE = Automatic;
				INFOPLIST_FILE = ClimaApp/Info.plist;
				LD_RUNPATH_SEARCH_PATHS = (
					"$(inherited)",
					"@executable_path/Frameworks",
				);
				PRODUCT_BUNDLE_IDENTIFIER = "com.lea-dk.ClimaApp";
				PRODUCT_NAME = "$(TARGET_NAME)";
				SWIFT_VERSION = 5.0;
				TARGETED_DEVICE_FAMILY = "1,2";
			};
			name = Debug;
		};
		DB2EE21F243CE228003C0B51 /* Release */ = {
			isa = XCBuildConfiguration;
			buildSettings = {
				ASSETCATALOG_COMPILER_APPICON_NAME = AppIcon;
				CODE_SIGN_STYLE = Automatic;
				INFOPLIST_FILE = ClimaApp/Info.plist;
				LD_RUNPATH_SEARCH_PATHS = (
					"$(inherited)",
					"@executable_path/Frameworks",
				);
				PRODUCT_BUNDLE_IDENTIFIER = "com.lea-dk.ClimaApp";
				PRODUCT_NAME = "$(TARGET_NAME)";
				SWIFT_VERSION = 5.0;
				TARGETED_DEVICE_FAMILY = "1,2";
			};
			name = Release;
		};
/* End XCBuildConfiguration section */

/* Begin XCConfigurationList section */
		DB2EE204243CE223003C0B51 /* Build configuration list for PBXProject "ClimaApp" */ = {
			isa = XCConfigurationList;
			buildConfigurations = (
				DB2EE21B243CE228003C0B51 /* Debug */,
				DB2EE21C243CE228003C0B51 /* Release */,
			);
			defaultConfigurationIsVisible = 0;
			defaultConfigurationName = Release;
		};
		DB2EE21D243CE228003C0B51 /* Build configuration list for PBXNativeTarget "ClimaApp" */ = {
			isa = XCConfigurationList;
			buildConfigurations = (
				DB2EE21E243CE228003C0B51 /* Debug */,
				DB2EE21F243CE228003C0B51 /* Release */,
			);
			defaultConfigurationIsVisible = 0;
			defaultConfigurationName = Release;
		};
/* End XCConfigurationList section */
	};
	rootObject = DB2EE201243CE223003C0B51 /* Project object */;
}
